
Microsoft Visual Studio Solution File, Format Version 12.00
# Visual Studio Version 17
VisualStudioVersion = 17.10.35004.147
MinimumVisualStudioVersion = 10.0.40219.1
Project("{FAE04EC0-301F-11D3-BF4B-00C04F79EFBC}") = "Product_API", "Product_API\Product_API.csproj", "{F91866CB-AD57-4F69-B15C-A0A02797F038}"
EndProject
Project("{FAE04EC0-301F-11D3-BF4B-00C04F79EFBC}") = "Order_API", "..\Order_API\Order_API.csproj", "{1F42AA8C-099A-46AF-866A-978CF6218272}"
EndProject
Project("{FAE04EC0-301F-11D3-BF4B-00C04F79EFBC}") = "Common_class_Lib", "..\Common_class_Lib\Common_class_Lib.csproj", "{3EDFFD84-53CD-48DD-A13C-D72073A827EB}"
EndProject
Global
	GlobalSection(SolutionConfigurationPlatforms) = preSolution
		Debug|Any CPU = Debug|Any CPU
		Release|Any CPU = Release|Any CPU
	EndGlobalSection
	GlobalSection(ProjectConfigurationPlatforms) = postSolution
		{F91866CB-AD57-4F69-B15C-A0A02797F038}.Debug|Any CPU.ActiveCfg = Debug|Any CPU
		{F91866CB-AD57-4F69-B15C-A0A02797F038}.Debug|Any CPU.Build.0 = Debug|Any CPU
		{F91866CB-AD57-4F69-B15C-A0A02797F038}.Release|Any CPU.ActiveCfg = Release|Any CPU
		{F91866CB-AD57-4F69-B15C-A0A02797F038}.Release|Any CPU.Build.0 = Release|Any CPU
		{1F42AA8C-099A-46AF-866A-978CF6218272}.Debug|Any CPU.ActiveCfg = Debug|Any CPU
		{1F42AA8C-099A-46AF-866A-978CF6218272}.Debug|Any CPU.Build.0 = Debug|Any CPU
		{1F42AA8C-099A-46AF-866A-978CF6218272}.Release|Any CPU.ActiveCfg = Release|Any CPU
		{1F42AA8C-099A-46AF-866A-978CF6218272}.Release|Any CPU.Build.0 = Release|Any CPU
		{3EDFFD84-53CD-48DD-A13C-D72073A827EB}.Debug|Any CPU.ActiveCfg = Debug|Any CPU
		{3EDFFD84-53CD-48DD-A13C-D72073A827EB}.Debug|Any CPU.Build.0 = Debug|Any CPU
		{3EDFFD84-53CD-48DD-A13C-D72073A827EB}.Release|Any CPU.ActiveCfg = Release|Any CPU
		{3EDFFD84-53CD-48DD-A13C-D72073A827EB}.Release|Any CPU.Build.0 = Release|Any CPU
	EndGlobalSection
	GlobalSection(SolutionProperties) = preSolution
		HideSolutionNode = FALSE
	EndGlobalSection
	GlobalSection(ExtensibilityGlobals) = postSolution
		SolutionGuid = {88D4CD10-5135-415C-9316-1159B6612CAD}
	EndGlobalSection
EndGlobal
